
Microsoft Visual Studio Solution File, Format Version 12.00
# Visual Studio Version 17
VisualStudioVersion = 17.10.35013.160
MinimumVisualStudioVersion = 10.0.40219.1
Project("{FAE04EC0-301F-11D3-BF4B-00C04F79EFBC}") = "RightChose", "RightChose\RightChose.csproj", "{A41072B7-A418-4372-81A0-66B078D6944E}"
EndProject
Global
	GlobalSection(SolutionConfigurationPlatforms) = preSolution
		Debug|Any CPU = Debug|Any CPU
		Release|Any CPU = Release|Any CPU
	EndGlobalSection
	GlobalSection(ProjectConfigurationPlatforms) = postSolution
		{A41072B7-A418-4372-81A0-66B078D6944E}.Debug|Any CPU.ActiveCfg = Debug|Any CPU
		{A41072B7-A418-4372-81A0-66B078D6944E}.Debug|Any CPU.Build.0 = Debug|Any CPU
		{A41072B7-A418-4372-81A0-66B078D6944E}.Release|Any CPU.ActiveCfg = Release|Any CPU
		{A41072B7-A418-4372-81A0-66B078D6944E}.Release|Any CPU.Build.0 = Release|Any CPU
	EndGlobalSection
	GlobalSection(SolutionProperties) = preSolution
		HideSolutionNode = FALSE
	EndGlobalSection
	GlobalSection(ExtensibilityGlobals) = postSolution
		SolutionGuid = {D434AE16-F5C6-4A9A-A066-B6ADB6022A18}
	EndGlobalSection
EndGlobal
